{
  "version": "v1",
  "packages": {
    "@vymalo/medusa-marketplace": {
      "signature": "d2a5ecfa1585b761feef8285e573180d",
      "file": true
    },
    "@vymalo/medusa-wishlist": {
      "signature": "b3168305e8ee67b0b2c839658053c19a",
      "file": true
    },
    "@vymalo/medusa-webauthn": {
      "version": "0.0.9",
      "signature": "23c29c0926f1f666a09e6187142b9729",
      "file": true
    }
  }
}